
Microsoft Visual Studio Solution File, Format Version 12.00
Project("{FAE04EC0-301F-11D3-BF4B-00C04F79EFBC}") = "PRF", "PRF\PRF.csproj", "{9C201BB4-3097-4FEE-99B4-257D27643BD3}"
EndProject
Global
	GlobalSection(SolutionConfigurationPlatforms) = preSolution
		Debug|Any CPU = Debug|Any CPU
		Release|Any CPU = Release|Any CPU
	EndGlobalSection
	GlobalSection(ProjectConfigurationPlatforms) = postSolution
		{9C201BB4-3097-4FEE-99B4-257D27643BD3}.Debug|Any CPU.ActiveCfg = Debug|Any CPU
		{9C201BB4-3097-4FEE-99B4-257D27643BD3}.Debug|Any CPU.Build.0 = Debug|Any CPU
		{9C201BB4-3097-4FEE-99B4-257D27643BD3}.Release|Any CPU.ActiveCfg = Release|Any CPU
		{9C201BB4-3097-4FEE-99B4-257D27643BD3}.Release|Any CPU.Build.0 = Release|Any CPU
	EndGlobalSection
EndGlobal
